# This file is automatically @generated by Cargo.
# It is not intended for manual editing.
version = 4

[[package]]
name = "tapid"
version = "0.0.1"
dependencies = [
 "tapid-core",
 "tapid-store",
]

[[package]]
name = "tapid-core"
version = "0.0.1"

[[package]]
name = "tapid-store"
version = "0.0.1"
dependencies = [
 "tapid-core",
]
