{
  "name": "npm-import-reference",
  "version": "1.0.0",
  "lockfileVersion": 3,
  "requires": true,
  "packages": {
    "": {
      "name": "npm-import-reference",
      "version": "1.0.0",
      "dependencies": {
        "parent": "1.0.0",
        "shared": "1.0.0",
        "consumer": "1.0.0"
      },
      "optionalDependencies": {
        "native": "1.0.0"
      }
    },
    "node_modules/parent": {
      "version": "1.0.0",
      "resolved": "https://registry.npmjs.org/parent/-/parent-1.0.0.tgz",
      "integrity": "sha512-g3zA9Bxdzo9gumL/0PSMLyuFX61qSsTl7aPrdQTghvcF0FhKl+RB0TvsO6aHo30tRfvsAFIJ++k0UNJ4wGmjWA==",
      "dependencies": {
        "shared": "2.0.0"
      }
    },
    "node_modules/shared": {
      "version": "1.0.0",
      "resolved": "https://registry.npmjs.org/shared/-/shared-1.0.0.tgz",
      "integrity": "sha512-yy/SfIkupQhLqYGoubOppkEX5ZLGqZH9Ky1iIr3ViFNSFAS95Fi1Xmot1B68+TN9MwRgXU15JlkRlqkQ8+saUQ=="
    },
    "node_modules/parent/node_modules/shared": {
      "version": "2.0.0",
      "resolved": "https://registry.npmjs.org/shared/-/shared-2.0.0.tgz",
      "integrity": "sha512-tKFsM1F9DuInaIqRY0XoDBScexjudC92EzL4LE8AL00E/d9mOblXBOqr6geQ/fsL1MpSFWucRm2ILGV3ejSzAg=="
    },
    "node_modules/consumer": {
      "version": "1.0.0",
      "resolved": "https://registry.npmjs.org/consumer/-/consumer-1.0.0.tgz",
      "integrity": "sha512-O/4aCnmS0/IY3G9y5Q0tK4TLoAIDMcv4fUwn65rGWobqAs8V5tXVYx1LgCfEBD0U7XbTlKlgUCWIAcyorBfDfQ==",
      "peerDependencies": {
        "shared": "1.0.0"
      }
    },
    "node_modules/native": {
      "version": "1.0.0",
      "resolved": "https://registry.npmjs.org/native/-/native-1.0.0.tgz",
      "integrity": "sha512-khKIUanfAqv6ZH7ReBrpeDMRZgv2F+ksGxvB++qTrXzYIfD2xRUUdF6JvYuOmwJVU0+pqFH7TKJPc84N9a7l3w==",
      "os": [
        "tapid-test-unsupported-os"
      ],
      "optional": true
    }
  }
}
